<Solution>
  <Folder Name="/Solution Items/">
    <File Path="README.md" />
  </Folder>
  <Project Path="../../../eventbus/EventBus.Core/EventBus.Core.csproj" />
  <Project Path="../../../eventbus/EventBus.RabbitMQ/EventBus.RabbitMQ.csproj" />
  <Project Path="PIWorks.AsyncDispatcher.Api.Tests.Controllers/PIWorks.AsyncDispatcher.Api.Tests.Controllers.csproj" Id="d7e7a06e-8991-4620-a443-80b05dbe7bbe" />
  <Project Path="PIWorks.AsyncDispatcher.Core.Tests/PIWorks.AsyncDispatcher.Core.Tests.csproj" Id="7bbb9785-0a01-4416-8fd0-f95098f52d79" />
  <Project Path="PIWorks.AsyncDispatcher.Core/PIWorks.AsyncDispatcher.Core.csproj" />
  <Project Path="PIWorks.AsyncDispatcher.WebApi/PIWorks.AsyncDispatcher.WebApi.csproj" Id="320631e0-4a0c-4287-96cb-ecf925f00657" />
</Solution>
